// !$*UTF8*$!
{
	archiveVersion = 1;
	classes = {
	};
	objectVersion = 56;
	objects = {

/* Begin PBXBuildFile section */
		AE42DA3E2A96F73800B26BB8 /* weatherappApp.swift in Sources */ = {isa = PBXBuildFile; fileRef = AE42DA3D2A96F73800B26BB8 /* weatherappApp.swift */; };
		AE42DA402A96F73800B26BB8 /* ContentView.swift in Sources */ = {isa = PBXBuildFile; fileRef = AE42DA3F2A96F73800B26BB8 /* ContentView.swift */; };
		AE42DA422A96F73A00B26BB8 /* Assets.xcassets in Resources */ = {isa = PBXBuildFile; fileRef = AE42DA412A96F73A00B26BB8 /* Assets.xcassets */; };
		AE42DA452A96F73A00B26BB8 /* Preview Assets.xcassets in Resources */ = {isa = PBXBuildFile; fileRef = AE42DA442A96F73A00B26BB8 /* Preview Assets.xcassets */; };
		AE42DA4D2A96F9A200B26BB8 /* LocationManager.swift in Sources */ = {isa = PBXBuildFile; fileRef = AE42DA4C2A96F9A200B26BB8 /* LocationManager.swift */; };
		AE42DA502A96FCE400B26BB8 /* WelcomeView.swift in Sources */ = {isa = PBXBuildFile; fileRef = AE42DA4F2A96FCE400B26BB8 /* WelcomeView.swift */; };
		AE42DA522A9702FA00B26BB8 /* LoadingView.swift in Sources */ = {isa = PBXBuildFile; fileRef = AE42DA512A9702FA00B26BB8 /* LoadingView.swift */; };
		AE42DA542A9709F500B26BB8 /* WeatherManager.swift in Sources */ = {isa = PBXBuildFile; fileRef = AE42DA532A9709F500B26BB8 /* WeatherManager.swift */; };
		AE4480E62A99839900981840 /* WeatherView.swift in Sources */ = {isa = PBXBuildFile; fileRef = AE4480E52A99839900981840 /* WeatherView.swift */; };
		AE4480E82A999B5600981840 /* weatherData.json in Resources */ = {isa = PBXBuildFile; fileRef = AE4480E72A999B5600981840 /* weatherData.json */; };
		AE4480EA2A999BBE00981840 /* ModelData.swift in Sources */ = {isa = PBXBuildFile; fileRef = AE4480E92A999BBE00981840 /* ModelData.swift */; };
		AE4480EC2A999C3D00981840 /* Extensions.swift in Sources */ = {isa = PBXBuildFile; fileRef = AE4480EB2A999C3D00981840 /* Extensions.swift */; };
		AE4480EF2A99B8DF00981840 /* WeatherRow.swift in Sources */ = {isa = PBXBuildFile; fileRef = AE4480EE2A99B8DF00981840 /* WeatherRow.swift */; };
/* End PBXBuildFile section */

/* Begin PBXFileReference section */
		AE42DA3A2A96F73800B26BB8 /* weatherapp.app */ = {isa = PBXFileReference; explicitFileType = wrapper.application; includeInIndex = 0; path = weatherapp.app; sourceTree = BUILT_PRODUCTS_DIR; };
		AE42DA3D2A96F73800B26BB8 /* weatherappApp.swift */ = {isa = PBXFileReference; lastKnownFileType = sourcecode.swift; path = weatherappApp.swift; sourceTree = "<group>"; };
		AE42DA3F2A96F73800B26BB8 /* ContentView.swift */ = {isa = PBXFileReference; lastKnownFileType = sourcecode.swift; path = ContentView.swift; sourceTree = "<group>"; };
		AE42DA412A96F73A00B26BB8 /* Assets.xcassets */ = {isa = PBXFileReference; lastKnownFileType = folder.assetcatalog; path = Assets.xcassets; sourceTree = "<group>"; };
		AE42DA442A96F73A00B26BB8 /* Preview Assets.xcassets */ = {isa = PBXFileReference; lastKnownFileType = folder.assetcatalog; path = "Preview Assets.xcassets"; sourceTree = "<group>"; };
		AE42DA4C2A96F9A200B26BB8 /* LocationManager.swift */ = {isa = PBXFileReference; lastKnownFileType = sourcecode.swift; path = LocationManager.swift; sourceTree = "<group>"; };
		AE42DA4F2A96FCE400B26BB8 /* WelcomeView.swift */ = {isa = PBXFileReference; lastKnownFileType = sourcecode.swift; path = WelcomeView.swift; sourceTree = "<group>"; };
		AE42DA512A9702FA00B26BB8 /* LoadingView.swift */ = {isa = PBXFileReference; lastKnownFileType = sourcecode.swift; path = LoadingView.swift; sourceTree = "<group>"; };
		AE42DA532A9709F500B26BB8 /* WeatherManager.swift */ = {isa = PBXFileReference; lastKnownFileType = sourcecode.swift; path = WeatherManager.swift; sourceTree = "<group>"; };
		AE4480E52A99839900981840 /* WeatherView.swift */ = {isa = PBXFileReference; lastKnownFileType = sourcecode.swift; path = WeatherView.swift; sourceTree = "<group>"; };
		AE4480E72A999B5600981840 /* weatherData.json */ = {isa = PBXFileReference; lastKnownFileType = text.json; path = weatherData.json; sourceTree = "<group>"; };
		AE4480E92A999BBE00981840 /* ModelData.swift */ = {isa = PBXFileReference; lastKnownFileType = sourcecode.swift; path = ModelData.swift; sourceTree = "<group>"; };
		AE4480EB2A999C3D00981840 /* Extensions.swift */ = {isa = PBXFileReference; lastKnownFileType = sourcecode.swift; path = Extensions.swift; sourceTree = "<group>"; };
		AE4480EE2A99B8DF00981840 /* WeatherRow.swift */ = {isa = PBXFileReference; lastKnownFileType = sourcecode.swift; path = WeatherRow.swift; sourceTree = "<group>"; };
/* End PBXFileReference section */

/* Begin PBXFrameworksBuildPhase section */
		AE42DA372A96F73800B26BB8 /* Frameworks */ = {
			isa = PBXFrameworksBuildPhase;
			buildActionMask = 2147483647;
			files = (
			);
			runOnlyForDeploymentPostprocessing = 0;
		};
/* End PBXFrameworksBuildPhase section */

/* Begin PBXGroup section */
		AE42DA312A96F73800B26BB8 = {
			isa = PBXGroup;
			children = (
				AE42DA3C2A96F73800B26BB8 /* weatherapp */,
				AE42DA3B2A96F73800B26BB8 /* Products */,
			);
			sourceTree = "<group>";
		};
		AE42DA3B2A96F73800B26BB8 /* Products */ = {
			isa = PBXGroup;
			children = (
				AE42DA3A2A96F73800B26BB8 /* weatherapp.app */,
			);
			name = Products;
			sourceTree = "<group>";
		};
		AE42DA3C2A96F73800B26BB8 /* weatherapp */ = {
			isa = PBXGroup;
			children = (
				AE4480ED2A99B8C600981840 /* Components */,
				AE42DA4E2A96FC8E00B26BB8 /* Views */,
				AE42DA4B2A96F98000B26BB8 /* Managers */,
				AE42DA3D2A96F73800B26BB8 /* weatherappApp.swift */,
				AE42DA412A96F73A00B26BB8 /* Assets.xcassets */,
				AE42DA432A96F73A00B26BB8 /* Preview Content */,
				AE4480EB2A999C3D00981840 /* Extensions.swift */,
			);
			path = weatherapp;
			sourceTree = "<group>";
		};
		AE42DA432A96F73A00B26BB8 /* Preview Content */ = {
			isa = PBXGroup;
			children = (
				AE42DA442A96F73A00B26BB8 /* Preview Assets.xcassets */,
				AE4480E72A999B5600981840 /* weatherData.json */,
				AE4480E92A999BBE00981840 /* ModelData.swift */,
			);
			path = "Preview Content";
			sourceTree = "<group>";
		};
		AE42DA4B2A96F98000B26BB8 /* Managers */ = {
			isa = PBXGroup;
			children = (
				AE42DA4C2A96F9A200B26BB8 /* LocationManager.swift */,
				AE42DA532A9709F500B26BB8 /* WeatherManager.swift */,
			);
			path = Managers;
			sourceTree = "<group>";
		};
		AE42DA4E2A96FC8E00B26BB8 /* Views */ = {
			isa = PBXGroup;
			children = (
				AE42DA3F2A96F73800B26BB8 /* ContentView.swift */,
				AE42DA4F2A96FCE400B26BB8 /* WelcomeView.swift */,
				AE42DA512A9702FA00B26BB8 /* LoadingView.swift */,
				AE4480E52A99839900981840 /* WeatherView.swift */,
			);
			path = Views;
			sourceTree = "<group>";
		};
		AE4480ED2A99B8C600981840 /* Components */ = {
			isa = PBXGroup;
			children = (
				AE4480EE2A99B8DF00981840 /* WeatherRow.swift */,
			);
			path = Components;
			sourceTree = "<group>";
		};
/* End PBXGroup section */

/* Begin PBXNativeTarget section */
		AE42DA392A96F73800B26BB8 /* weatherapp */ = {
			isa = PBXNativeTarget;
			buildConfigurationList = AE42DA482A96F73A00B26BB8 /* Build configuration list for PBXNativeTarget "weatherapp" */;
			buildPhases = (
				AE42DA362A96F73800B26BB8 /* Sources */,
				AE42DA372A96F73800B26BB8 /* Frameworks */,
				AE42DA382A96F73800B26BB8 /* Resources */,
			);
			buildRules = (
			);
			dependencies = (
			);
			name = weatherapp;
			productName = weatherapp;
			productReference = AE42DA3A2A96F73800B26BB8 /* weatherapp.app */;
			productType = "com.apple.product-type.application";
		};
/* End PBXNativeTarget section */

/* Begin PBXProject section */
		AE42DA322A96F73800B26BB8 /* Project object */ = {
			isa = PBXProject;
			attributes = {
				BuildIndependentTargetsInParallel = 1;
				LastSwiftUpdateCheck = 1430;
				LastUpgradeCheck = 1430;
				TargetAttributes = {
					AE42DA392A96F73800B26BB8 = {
						CreatedOnToolsVersion = 14.3.1;
					};
				};
			};
			buildConfigurationList = AE42DA352A96F73800B26BB8 /* Build configuration list for PBXProject "weatherapp" */;
			compatibilityVersion = "Xcode 14.0";
			developmentRegion = en;
			hasScannedForEncodings = 0;
			knownRegions = (
				en,
				Base,
			);
			mainGroup = AE42DA312A96F73800B26BB8;
			productRefGroup = AE42DA3B2A96F73800B26BB8 /* Products */;
			projectDirPath = "";
			projectRoot = "";
			targets = (
				AE42DA392A96F73800B26BB8 /* weatherapp */,
			);
		};
/* End PBXProject section */

/* Begin PBXResourcesBuildPhase section */
		AE42DA382A96F73800B26BB8 /* Resources */ = {
			isa = PBXResourcesBuildPhase;
			buildActionMask = 2147483647;
			files = (
				AE42DA452A96F73A00B26BB8 /* Preview Assets.xcassets in Resources */,
				AE4480E82A999B5600981840 /* weatherData.json in Resources */,
				AE42DA422A96F73A00B26BB8 /* Assets.xcassets in Resources */,
			);
			runOnlyForDeploymentPostprocessing = 0;
		};
/* End PBXResourcesBuildPhase section */

/* Begin PBXSourcesBuildPhase section */
		AE42DA362A96F73800B26BB8 /* Sources */ = {
			isa = PBXSourcesBuildPhase;
			buildActionMask = 2147483647;
			files = (
				AE42DA542A9709F500B26BB8 /* WeatherManager.swift in Sources */,
				AE4480EC2A999C3D00981840 /* Extensions.swift in Sources */,
				AE42DA402A96F73800B26BB8 /* ContentView.swift in Sources */,
				AE42DA3E2A96F73800B26BB8 /* weatherappApp.swift in Sources */,
				AE42DA4D2A96F9A200B26BB8 /* LocationManager.swift in Sources */,
				AE4480EF2A99B8DF00981840 /* WeatherRow.swift in Sources */,
				AE42DA522A9702FA00B26BB8 /* LoadingView.swift in Sources */,
				AE4480EA2A999BBE00981840 /* ModelData.swift in Sources */,
				AE4480E62A99839900981840 /* WeatherView.swift in Sources */,
				AE42DA502A96FCE400B26BB8 /* WelcomeView.swift in Sources */,
			);
			runOnlyForDeploymentPostprocessing = 0;
		};
/* End PBXSourcesBuildPhase section */

/* Begin XCBuildConfiguration section */
		AE42DA462A96F73A00B26BB8 /* Debug */ = {
			isa = XCBuildConfiguration;
			buildSettings = {
				ALWAYS_SEARCH_USER_PATHS = NO;
				CLANG_ANALYZER_NONNULL = YES;
				CLANG_ANALYZER_NUMBER_OBJECT_CONVERSION = YES_AGGRESSIVE;
				CLANG_CXX_LANGUAGE_STANDARD = "gnu++20";
				CLANG_ENABLE_MODULES = YES;
				CLANG_ENABLE_OBJC_ARC = YES;
				CLANG_ENABLE_OBJC_WEAK = YES;
				CLANG_WARN_BLOCK_CAPTURE_AUTORELEASING = YES;
				CLANG_WARN_BOOL_CONVERSION = YES;
				CLANG_WARN_COMMA = YES;
				CLANG_WARN_CONSTANT_CONVERSION = YES;
				CLANG_WARN_DEPRECATED_OBJC_IMPLEMENTATIONS = YES;
				CLANG_WARN_DIRECT_OBJC_ISA_USAGE = YES_ERROR;
				CLANG_WARN_DOCUMENTATION_COMMENTS = YES;
				CLANG_WARN_EMPTY_BODY = YES;
				CLANG_WARN_ENUM_CONVERSION = YES;
				CLANG_WARN_INFINITE_RECURSION = YES;
				CLANG_WARN_INT_CONVERSION = YES;
				CLANG_WARN_NON_LITERAL_NULL_CONVERSION = YES;
				CLANG_WARN_OBJC_IMPLICIT_RETAIN_SELF = YES;
				CLANG_WARN_OBJC_LITERAL_CONVERSION = YES;
				CLANG_WARN_OBJC_ROOT_CLASS = YES_ERROR;
				CLANG_WARN_QUOTED_INCLUDE_IN_FRAMEWORK_HEADER = YES;
				CLANG_WARN_RANGE_LOOP_ANALYSIS = YES;
				CLANG_WARN_STRICT_PROTOTYPES = YES;
				CLANG_WARN_SUSPICIOUS_MOVE = YES;
				CLANG_WARN_UNGUARDED_AVAILABILITY = YES_AGGRESSIVE;
				CLANG_WARN_UNREACHABLE_CODE = YES;
				CLANG_WARN__DUPLICATE_METHOD_MATCH = YES;
				COPY_PHASE_STRIP = NO;
				DEBUG_INFORMATION_FORMAT = dwarf;
				ENABLE_STRICT_OBJC_MSGSEND = YES;
				ENABLE_TESTABILITY = YES;
				GCC_C_LANGUAGE_STANDARD = gnu11;
				GCC_DYNAMIC_NO_PIC = NO;
				GCC_NO_COMMON_BLOCKS = YES;
				GCC_OPTIMIZATION_LEVEL = 0;
				GCC_PREPROCESSOR_DEFINITIONS = (
					"DEBUG=1",
					"$(inherited)",
				);
				GCC_WARN_64_TO_32_BIT_CONVERSION = YES;
				GCC_WARN_ABOUT_RETURN_TYPE = YES_ERROR;
				GCC_WARN_UNDECLARED_SELECTOR = YES;
				GCC_WARN_UNINITIALIZED_AUTOS = YES_AGGRESSIVE;
				GCC_WARN_UNUSED_FUNCTION = YES;
				GCC_WARN_UNUSED_VARIABLE = YES;
				IPHONEOS_DEPLOYMENT_TARGET = 16.4;
				MTL_ENABLE_DEBUG_INFO = INCLUDE_SOURCE;
				MTL_FAST_MATH = YES;
				ONLY_ACTIVE_ARCH = YES;
				SDKROOT = iphoneos;
				SWIFT_ACTIVE_COMPILATION_CONDITIONS = DEBUG;
				SWIFT_OPTIMIZATION_LEVEL = "-Onone";
			};
			name = Debug;
		};
		AE42DA472A96F73A00B26BB8 /* Release */ = {
			isa = XCBuildConfiguration;
			buildSettings = {
				ALWAYS_SEARCH_USER_PATHS = NO;
				CLANG_ANALYZER_NONNULL = YES;
				CLANG_ANALYZER_NUMBER_OBJECT_CONVERSION = YES_AGGRESSIVE;
				CLANG_CXX_LANGUAGE_STANDARD = "gnu++20";
				CLANG_ENABLE_MODULES = YES;
				CLANG_ENABLE_OBJC_ARC = YES;
				CLANG_ENABLE_OBJC_WEAK = YES;
				CLANG_WARN_BLOCK_CAPTURE_AUTORELEASING = YES;
				CLANG_WARN_BOOL_CONVERSION = YES;
				CLANG_WARN_COMMA = YES;
				CLANG_WARN_CONSTANT_CONVERSION = YES;
				CLANG_WARN_DEPRECATED_OBJC_IMPLEMENTATIONS = YES;
				CLANG_WARN_DIRECT_OBJC_ISA_USAGE = YES_ERROR;
				CLANG_WARN_DOCUMENTATION_COMMENTS = YES;
				CLANG_WARN_EMPTY_BODY = YES;
				CLANG_WARN_ENUM_CONVERSION = YES;
				CLANG_WARN_INFINITE_RECURSION = YES;
				CLANG_WARN_INT_CONVERSION = YES;
				CLANG_WARN_NON_LITERAL_NULL_CONVERSION = YES;
				CLANG_WARN_OBJC_IMPLICIT_RETAIN_SELF = YES;
				CLANG_WARN_OBJC_LITERAL_CONVERSION = YES;
				CLANG_WARN_OBJC_ROOT_CLASS = YES_ERROR;
				CLANG_WARN_QUOTED_INCLUDE_IN_FRAMEWORK_HEADER = YES;
				CLANG_WARN_RANGE_LOOP_ANALYSIS = YES;
				CLANG_WARN_STRICT_PROTOTYPES = YES;
				CLANG_WARN_SUSPICIOUS_MOVE = YES;
				CLANG_WARN_UNGUARDED_AVAILABILITY = YES_AGGRESSIVE;
				CLANG_WARN_UNREACHABLE_CODE = YES;
				CLANG_WARN__DUPLICATE_METHOD_MATCH = YES;
				COPY_PHASE_STRIP = NO;
				DEBUG_INFORMATION_FORMAT = "dwarf-with-dsym";
				ENABLE_NS_ASSERTIONS = NO;
				ENABLE_STRICT_OBJC_MSGSEND = YES;
				GCC_C_LANGUAGE_STANDARD = gnu11;
				GCC_NO_COMMON_BLOCKS = YES;
				GCC_WARN_64_TO_32_BIT_CONVERSION = YES;
				GCC_WARN_ABOUT_RETURN_TYPE = YES_ERROR;
				GCC_WARN_UNDECLARED_SELECTOR = YES;
				GCC_WARN_UNINITIALIZED_AUTOS = YES_AGGRESSIVE;
				GCC_WARN_UNUSED_FUNCTION = YES;
				GCC_WARN_UNUSED_VARIABLE = YES;
				IPHONEOS_DEPLOYMENT_TARGET = 16.4;
				MTL_ENABLE_DEBUG_INFO = NO;
				MTL_FAST_MATH = YES;
				SDKROOT = iphoneos;
				SWIFT_COMPILATION_MODE = wholemodule;
				SWIFT_OPTIMIZATION_LEVEL = "-O";
				VALIDATE_PRODUCT = YES;
			};
			name = Release;
		};
		AE42DA492A96F73A00B26BB8 /* Debug */ = {
			isa = XCBuildConfiguration;
			buildSettings = {
				ASSETCATALOG_COMPILER_APPICON_NAME = AppIcon;
				ASSETCATALOG_COMPILER_GLOBAL_ACCENT_COLOR_NAME = AccentColor;
				CODE_SIGN_STYLE = Automatic;
				CURRENT_PROJECT_VERSION = 1;
				DEVELOPMENT_ASSET_PATHS = "\"weatherapp/Preview Content\"";
				DEVELOPMENT_TEAM = U32UL87MFJ;
				ENABLE_PREVIEWS = YES;
				GENERATE_INFOPLIST_FILE = YES;
				INFOPLIST_KEY_UIApplicationSceneManifest_Generation = YES;
				INFOPLIST_KEY_UIApplicationSupportsIndirectInputEvents = YES;
				INFOPLIST_KEY_UILaunchScreen_Generation = YES;
				INFOPLIST_KEY_UISupportedInterfaceOrientations_iPad = "UIInterfaceOrientationPortrait UIInterfaceOrientationPortraitUpsideDown UIInterfaceOrientationLandscapeLeft UIInterfaceOrientationLandscapeRight";
				INFOPLIST_KEY_UISupportedInterfaceOrientations_iPhone = "UIInterfaceOrientationPortrait UIInterfaceOrientationLandscapeLeft UIInterfaceOrientationLandscapeRight";
				LD_RUNPATH_SEARCH_PATHS = (
					"$(inherited)",
					"@executable_path/Frameworks",
				);
				MARKETING_VERSION = 1.0;
				PRODUCT_BUNDLE_IDENTIFIER = com.josephmp5.weatherapp;
				PRODUCT_NAME = "$(TARGET_NAME)";
				SWIFT_EMIT_LOC_STRINGS = YES;
				SWIFT_VERSION = 5.0;
				TARGETED_DEVICE_FAMILY = "1,2";
			};
			name = Debug;
		};
		AE42DA4A2A96F73A00B26BB8 /* Release */ = {
			isa = XCBuildConfiguration;
			buildSettings = {
				ASSETCATALOG_COMPILER_APPICON_NAME = AppIcon;
				ASSETCATALOG_COMPILER_GLOBAL_ACCENT_COLOR_NAME = AccentColor;
				CODE_SIGN_STYLE = Automatic;
				CURRENT_PROJECT_VERSION = 1;
				DEVELOPMENT_ASSET_PATHS = "\"weatherapp/Preview Content\"";
				DEVELOPMENT_TEAM = U32UL87MFJ;
				ENABLE_PREVIEWS = YES;
				GENERATE_INFOPLIST_FILE = YES;
				INFOPLIST_KEY_UIApplicationSceneManifest_Generation = YES;
				INFOPLIST_KEY_UIApplicationSupportsIndirectInputEvents = YES;
				INFOPLIST_KEY_UILaunchScreen_Generation = YES;
				INFOPLIST_KEY_UISupportedInterfaceOrientations_iPad = "UIInterfaceOrientationPortrait UIInterfaceOrientationPortraitUpsideDown UIInterfaceOrientationLandscapeLeft UIInterfaceOrientationLandscapeRight";
				INFOPLIST_KEY_UISupportedInterfaceOrientations_iPhone = "UIInterfaceOrientationPortrait UIInterfaceOrientationLandscapeLeft UIInterfaceOrientationLandscapeRight";
				LD_RUNPATH_SEARCH_PATHS = (
					"$(inherited)",
					"@executable_path/Frameworks",
				);
				MARKETING_VERSION = 1.0;
				PRODUCT_BUNDLE_IDENTIFIER = com.josephmp5.weatherapp;
				PRODUCT_NAME = "$(TARGET_NAME)";
				SWIFT_EMIT_LOC_STRINGS = YES;
				SWIFT_VERSION = 5.0;
				TARGETED_DEVICE_FAMILY = "1,2";
			};
			name = Release;
		};
/* End XCBuildConfiguration section */

/* Begin XCConfigurationList section */
		AE42DA352A96F73800B26BB8 /* Build configuration list for PBXProject "weatherapp" */ = {
			isa = XCConfigurationList;
			buildConfigurations = (
				AE42DA462A96F73A00B26BB8 /* Debug */,
				AE42DA472A96F73A00B26BB8 /* Release */,
			);
			defaultConfigurationIsVisible = 0;
			defaultConfigurationName = Release;
		};
		AE42DA482A96F73A00B26BB8 /* Build configuration list for PBXNativeTarget "weatherapp" */ = {
			isa = XCConfigurationList;
			buildConfigurations = (
				AE42DA492A96F73A00B26BB8 /* Debug */,
				AE42DA4A2A96F73A00B26BB8 /* Release */,
			);
			defaultConfigurationIsVisible = 0;
			defaultConfigurationName = Release;
		};
/* End XCConfigurationList section */
	};
	rootObject = AE42DA322A96F73800B26BB8 /* Project object */;
}
